
Microsoft Visual Studio Solution File, Format Version 12.00
# Visual Studio 15
VisualStudioVersion = 15.0.28010.2016
MinimumVisualStudioVersion = 10.0.40219.1
Project("{FAE04EC0-301F-11D3-BF4B-00C04F79EFBC}") = "App", "App\App.csproj", "{5CA68483-6539-42C4-B682-D3C6B98E916E}"
EndProject
Project("{FAE04EC0-301F-11D3-BF4B-00C04F79EFBC}") = "App_tests", "App_tests\App_tests.csproj", "{87108F41-EA3F-4664-A761-09009C1454CC}"
EndProject
Project("{2150E333-8FDC-42A3-9474-1A3956D46DE8}") = "Solution Items", "Solution Items", "{E601D731-3230-4A78-8FFC-FED1BE12EBBE}"
	ProjectSection(SolutionItems) = preProject
		.editorconfig = .editorconfig
		.gitignore = .gitignore
	EndProjectSection
EndProject
Project("{FAE04EC0-301F-11D3-BF4B-00C04F79EFBC}") = "MapUtil", "MapUtil\MapUtil.csproj", "{3A143E5E-741E-407F-AB1A-770CC35910DC}"
EndProject
Global
	GlobalSection(SolutionConfigurationPlatforms) = preSolution
		Debug|Any CPU = Debug|Any CPU
		Release|Any CPU = Release|Any CPU
	EndGlobalSection
	GlobalSection(ProjectConfigurationPlatforms) = postSolution
		{5CA68483-6539-42C4-B682-D3C6B98E916E}.Debug|Any CPU.ActiveCfg = Debug|Any CPU
		{5CA68483-6539-42C4-B682-D3C6B98E916E}.Debug|Any CPU.Build.0 = Debug|Any CPU
		{5CA68483-6539-42C4-B682-D3C6B98E916E}.Release|Any CPU.ActiveCfg = Release|Any CPU
		{5CA68483-6539-42C4-B682-D3C6B98E916E}.Release|Any CPU.Build.0 = Release|Any CPU
		{87108F41-EA3F-4664-A761-09009C1454CC}.Debug|Any CPU.ActiveCfg = Debug|Any CPU
		{87108F41-EA3F-4664-A761-09009C1454CC}.Debug|Any CPU.Build.0 = Debug|Any CPU
		{87108F41-EA3F-4664-A761-09009C1454CC}.Release|Any CPU.ActiveCfg = Release|Any CPU
		{87108F41-EA3F-4664-A761-09009C1454CC}.Release|Any CPU.Build.0 = Release|Any CPU
		{3A143E5E-741E-407F-AB1A-770CC35910DC}.Debug|Any CPU.ActiveCfg = Debug|Any CPU
		{3A143E5E-741E-407F-AB1A-770CC35910DC}.Debug|Any CPU.Build.0 = Debug|Any CPU
		{3A143E5E-741E-407F-AB1A-770CC35910DC}.Release|Any CPU.ActiveCfg = Release|Any CPU
		{3A143E5E-741E-407F-AB1A-770CC35910DC}.Release|Any CPU.Build.0 = Release|Any CPU
	EndGlobalSection
	GlobalSection(SolutionProperties) = preSolution
		HideSolutionNode = FALSE
	EndGlobalSection
	GlobalSection(ExtensibilityGlobals) = postSolution
		SolutionGuid = {D36A12CE-C756-42F4-B036-50F450D2C2D6}
	EndGlobalSection
EndGlobal
