
Microsoft Visual Studio Solution File, Format Version 12.00
# Visual Studio 15
VisualStudioVersion = 15.0.28307.572
MinimumVisualStudioVersion = 10.0.40219.1
Project("{9A19103F-16F7-4668-BE54-9A1E7A4F7556}") = "sc", "sc.csproj", "{826699E7-A079-4DBA-B4DF-826123547DDE}"
EndProject
Global
	GlobalSection(SolutionConfigurationPlatforms) = preSolution
		Debug|Any CPU = Debug|Any CPU
		Release|Any CPU = Release|Any CPU
	EndGlobalSection
	GlobalSection(ProjectConfigurationPlatforms) = postSolution
		{826699E7-A079-4DBA-B4DF-826123547DDE}.Debug|Any CPU.ActiveCfg = Debug|Any CPU
		{826699E7-A079-4DBA-B4DF-826123547DDE}.Debug|Any CPU.Build.0 = Debug|Any CPU
		{826699E7-A079-4DBA-B4DF-826123547DDE}.Release|Any CPU.ActiveCfg = Release|Any CPU
		{826699E7-A079-4DBA-B4DF-826123547DDE}.Release|Any CPU.Build.0 = Release|Any CPU
	EndGlobalSection
	GlobalSection(SolutionProperties) = preSolution
		HideSolutionNode = FALSE
	EndGlobalSection
	GlobalSection(ExtensibilityGlobals) = postSolution
		SolutionGuid = {8A910D43-0F8E-4600-B0D3-A32BCE9C1215}
	EndGlobalSection
EndGlobal
